github.com/Songmu/gitmock v0.0.2 h1:KF5GTll60LxGskZbt58QDd29y/GYLgdxqvkvnSU6RlY=
github.com/Songmu/gitmock v0.0.2/go.mod h1:/ILc8CtPydh2MJ8toKCOB1opd2HCaU/6RWJjg7lmSvs=
github.com/Songmu/skillsmith v0.2.0 h1:f6mO2BEULAn3u+pQLqZFXQdCNdg8UxYOZ6ZgC7+MeX0=
github.com/Songmu/skillsmith v0.2.0/go.mod h1:ZVeN85pWEyhLfS7iT3pBvGYEXLSWtPkLjKuJUMVtg9k=
github.com/goccy/go-yaml v1.19.2 h1:PmFC1S6h8ljIz6gMRBopkjP1TVT7xuwrButHID66PoM=
github.com/goccy/go-yaml v1.19.2/go.mod h1:XBurs7gK8ATbW4ZPGKgcbrY1Br56PdM69F7LkFRi1kA=
github.com/itchyny/gojq v0.12.19 h1:ttXA0XCLEMoaLOz5lSeFOZ6u6Q3QxmG46vfgI4O0DEs=
github.com/itchyny/gojq v0.12.19/go.mod h1:5galtVPDywX8SPSOrqjGxkBeDhSxEW1gSxoy7tn1iZY=
github.com/itchyny/timefmt-go v0.1.8 h1:1YEo1JvfXeAHKdjelbYr/uCuhkybaHCeTkH8Bo791OI=
github.com/itchyny/timefmt-go v0.1.8/go.mod h1:5E46Q+zj7vbTgWY8o5YkMeYb4I6GeWLFnetPy5oBrAI=
golang.org/x/mod v0.38.0 h1:MECBjubtXD7yj4HrhIUcywNaGeNVUdfVnxmPajOk4yk=
golang.org/x/mod v0.38.0/go.mod h1:V6Xz0pq8TQ3dGqVQ1FVHuelZpAL0uNhSkk9ogYP3c40=
